
Microsoft Visual Studio Solution File, Format Version 12.00
# Visual Studio 15
VisualStudioVersion = 15.0.27703.2042
MinimumVisualStudioVersion = 10.0.40219.1
Project("{2150E333-8FDC-42A3-9474-1A3956D46DE8}") = "src", "src", "{429F245D-FF00-49F4-82EE-4CEC94921166}"
EndProject
Project("{FAE04EC0-301F-11D3-BF4B-00C04F79EFBC}") = "Aloji.Owin.JwtSecurity", "src\Aloji.Owin.JwtSecurity\Aloji.Owin.JwtSecurity.csproj", "{83C9F699-18DA-4446-8D64-98B5DCA0BFEE}"
EndProject
Project("{9A19103F-16F7-4668-BE54-9A1E7A4F7556}") = "Aloji.JwtSecurity", "src\Aloji.JwtSecurity\Aloji.JwtSecurity.csproj", "{E8C699A5-0A0D-4DC9-840C-8ECB73146BD1}"
EndProject
Project("{9A19103F-16F7-4668-BE54-9A1E7A4F7556}") = "Aloji.AspNetCore.JwtSecurity", "src\Aloji.AspNetCore.JwtSecurity\Aloji.AspNetCore.JwtSecurity.csproj", "{65B95355-75E8-4B1B-85E4-24910C530C96}"
EndProject
Project("{2150E333-8FDC-42A3-9474-1A3956D46DE8}") = "samples", "samples", "{FA3A71A0-5AAF-4B03-9959-76FD00B019E4}"
EndProject
Project("{FAE04EC0-301F-11D3-BF4B-00C04F79EFBC}") = "AuthServer.Owin.NetFramework", "samples\AuthServer.Owin.NetFramework\AuthServer.Owin.NetFramework.csproj", "{AFA43B9A-6130-45EE-83C4-E042C43C7DAE}"
EndProject
Global
	GlobalSection(SolutionConfigurationPlatforms) = preSolution
		Debug|Any CPU = Debug|Any CPU
		Release|Any CPU = Release|Any CPU
	EndGlobalSection
	GlobalSection(ProjectConfigurationPlatforms) = postSolution
		{83C9F699-18DA-4446-8D64-98B5DCA0BFEE}.Debug|Any CPU.ActiveCfg = Debug|Any CPU
		{83C9F699-18DA-4446-8D64-98B5DCA0BFEE}.Debug|Any CPU.Build.0 = Debug|Any CPU
		{83C9F699-18DA-4446-8D64-98B5DCA0BFEE}.Release|Any CPU.ActiveCfg = Release|Any CPU
		{83C9F699-18DA-4446-8D64-98B5DCA0BFEE}.Release|Any CPU.Build.0 = Release|Any CPU
		{E8C699A5-0A0D-4DC9-840C-8ECB73146BD1}.Debug|Any CPU.ActiveCfg = Debug|Any CPU
		{E8C699A5-0A0D-4DC9-840C-8ECB73146BD1}.Debug|Any CPU.Build.0 = Debug|Any CPU
		{E8C699A5-0A0D-4DC9-840C-8ECB73146BD1}.Release|Any CPU.ActiveCfg = Release|Any CPU
		{E8C699A5-0A0D-4DC9-840C-8ECB73146BD1}.Release|Any CPU.Build.0 = Release|Any CPU
		{65B95355-75E8-4B1B-85E4-24910C530C96}.Debug|Any CPU.ActiveCfg = Debug|Any CPU
		{65B95355-75E8-4B1B-85E4-24910C530C96}.Debug|Any CPU.Build.0 = Debug|Any CPU
		{65B95355-75E8-4B1B-85E4-24910C530C96}.Release|Any CPU.ActiveCfg = Release|Any CPU
		{65B95355-75E8-4B1B-85E4-24910C530C96}.Release|Any CPU.Build.0 = Release|Any CPU
		{AFA43B9A-6130-45EE-83C4-E042C43C7DAE}.Debug|Any CPU.ActiveCfg = Debug|Any CPU
		{AFA43B9A-6130-45EE-83C4-E042C43C7DAE}.Debug|Any CPU.Build.0 = Debug|Any CPU
		{AFA43B9A-6130-45EE-83C4-E042C43C7DAE}.Release|Any CPU.ActiveCfg = Release|Any CPU
		{AFA43B9A-6130-45EE-83C4-E042C43C7DAE}.Release|Any CPU.Build.0 = Release|Any CPU
	EndGlobalSection
	GlobalSection(SolutionProperties) = preSolution
		HideSolutionNode = FALSE
	EndGlobalSection
	GlobalSection(NestedProjects) = preSolution
		{83C9F699-18DA-4446-8D64-98B5DCA0BFEE} = {429F245D-FF00-49F4-82EE-4CEC94921166}
		{E8C699A5-0A0D-4DC9-840C-8ECB73146BD1} = {429F245D-FF00-49F4-82EE-4CEC94921166}
		{65B95355-75E8-4B1B-85E4-24910C530C96} = {429F245D-FF00-49F4-82EE-4CEC94921166}
		{AFA43B9A-6130-45EE-83C4-E042C43C7DAE} = {FA3A71A0-5AAF-4B03-9959-76FD00B019E4}
	EndGlobalSection
	GlobalSection(ExtensibilityGlobals) = postSolution
		SolutionGuid = {244A9460-73E8-463A-9F20-ACAA4A02D27C}
	EndGlobalSection
EndGlobal
